
Microsoft Visual Studio Solution File, Format Version 12.00
# Visual Studio Version 17
VisualStudioVersion = 17.7.34221.43
MinimumVisualStudioVersion = 10.0.40219.1
Project("{A07B5EB6-E848-4116-A8D0-A826331D98C6}") = "ServiceFabric", "ServiceFabric\ServiceFabric.sfproj", "{982C1D8A-C8D6-4A12-9975-A55A20D5E854}"
EndProject
Project("{9A19103F-16F7-4668-BE54-9A1E7A4F7556}") = "Service", "Service\Service.csproj", "{A02753CF-0DC6-4D5A-8841-1FEF87C34B53}"
EndProject
Project("{9A19103F-16F7-4668-BE54-9A1E7A4F7556}") = "Client", "Client\Client.csproj", "{8FB507E9-480E-4ED7-83FE-F8C7F7805DD8}"
EndProject
Project("{9A19103F-16F7-4668-BE54-9A1E7A4F7556}") = "CommonLibrary", "CommonLibrary\CommonLibrary.csproj", "{3E7A72DB-B20B-40A8-B508-1E57A1194383}"
EndProject
Global
	GlobalSection(SolutionConfigurationPlatforms) = preSolution
		Debug|Any CPU = Debug|Any CPU
		Debug|x64 = Debug|x64
		Release|Any CPU = Release|Any CPU
		Release|x64 = Release|x64
	EndGlobalSection
	GlobalSection(ProjectConfigurationPlatforms) = postSolution
		{982C1D8A-C8D6-4A12-9975-A55A20D5E854}.Debug|Any CPU.ActiveCfg = Debug|x64
		{982C1D8A-C8D6-4A12-9975-A55A20D5E854}.Debug|Any CPU.Build.0 = Debug|x64
		{982C1D8A-C8D6-4A12-9975-A55A20D5E854}.Debug|Any CPU.Deploy.0 = Debug|x64
		{982C1D8A-C8D6-4A12-9975-A55A20D5E854}.Debug|x64.ActiveCfg = Debug|x64
		{982C1D8A-C8D6-4A12-9975-A55A20D5E854}.Debug|x64.Build.0 = Debug|x64
		{982C1D8A-C8D6-4A12-9975-A55A20D5E854}.Debug|x64.Deploy.0 = Debug|x64
		{982C1D8A-C8D6-4A12-9975-A55A20D5E854}.Release|Any CPU.ActiveCfg = Release|x64
		{982C1D8A-C8D6-4A12-9975-A55A20D5E854}.Release|Any CPU.Build.0 = Release|x64
		{982C1D8A-C8D6-4A12-9975-A55A20D5E854}.Release|Any CPU.Deploy.0 = Release|x64
		{982C1D8A-C8D6-4A12-9975-A55A20D5E854}.Release|x64.ActiveCfg = Release|x64
		{982C1D8A-C8D6-4A12-9975-A55A20D5E854}.Release|x64.Build.0 = Release|x64
		{982C1D8A-C8D6-4A12-9975-A55A20D5E854}.Release|x64.Deploy.0 = Release|x64
		{A02753CF-0DC6-4D5A-8841-1FEF87C34B53}.Debug|Any CPU.ActiveCfg = Debug|Any CPU
		{A02753CF-0DC6-4D5A-8841-1FEF87C34B53}.Debug|Any CPU.Build.0 = Debug|Any CPU
		{A02753CF-0DC6-4D5A-8841-1FEF87C34B53}.Debug|x64.ActiveCfg = Debug|Any CPU
		{A02753CF-0DC6-4D5A-8841-1FEF87C34B53}.Debug|x64.Build.0 = Debug|Any CPU
		{A02753CF-0DC6-4D5A-8841-1FEF87C34B53}.Release|Any CPU.ActiveCfg = Release|Any CPU
		{A02753CF-0DC6-4D5A-8841-1FEF87C34B53}.Release|Any CPU.Build.0 = Release|Any CPU
		{A02753CF-0DC6-4D5A-8841-1FEF87C34B53}.Release|x64.ActiveCfg = Release|Any CPU
		{A02753CF-0DC6-4D5A-8841-1FEF87C34B53}.Release|x64.Build.0 = Release|Any CPU
		{8FB507E9-480E-4ED7-83FE-F8C7F7805DD8}.Debug|Any CPU.ActiveCfg = Debug|Any CPU
		{8FB507E9-480E-4ED7-83FE-F8C7F7805DD8}.Debug|Any CPU.Build.0 = Debug|Any CPU
		{8FB507E9-480E-4ED7-83FE-F8C7F7805DD8}.Debug|x64.ActiveCfg = Debug|Any CPU
		{8FB507E9-480E-4ED7-83FE-F8C7F7805DD8}.Debug|x64.Build.0 = Debug|Any CPU
		{8FB507E9-480E-4ED7-83FE-F8C7F7805DD8}.Release|Any CPU.ActiveCfg = Release|Any CPU
		{8FB507E9-480E-4ED7-83FE-F8C7F7805DD8}.Release|Any CPU.Build.0 = Release|Any CPU
		{8FB507E9-480E-4ED7-83FE-F8C7F7805DD8}.Release|x64.ActiveCfg = Release|Any CPU
		{8FB507E9-480E-4ED7-83FE-F8C7F7805DD8}.Release|x64.Build.0 = Release|Any CPU
		{3E7A72DB-B20B-40A8-B508-1E57A1194383}.Debug|Any CPU.ActiveCfg = Debug|Any CPU
		{3E7A72DB-B20B-40A8-B508-1E57A1194383}.Debug|Any CPU.Build.0 = Debug|Any CPU
		{3E7A72DB-B20B-40A8-B508-1E57A1194383}.Debug|x64.ActiveCfg = Debug|Any CPU
		{3E7A72DB-B20B-40A8-B508-1E57A1194383}.Debug|x64.Build.0 = Debug|Any CPU
		{3E7A72DB-B20B-40A8-B508-1E57A1194383}.Release|Any CPU.ActiveCfg = Release|Any CPU
		{3E7A72DB-B20B-40A8-B508-1E57A1194383}.Release|Any CPU.Build.0 = Release|Any CPU
		{3E7A72DB-B20B-40A8-B508-1E57A1194383}.Release|x64.ActiveCfg = Release|Any CPU
		{3E7A72DB-B20B-40A8-B508-1E57A1194383}.Release|x64.Build.0 = Release|Any CPU
	EndGlobalSection
	GlobalSection(SolutionProperties) = preSolution
		HideSolutionNode = FALSE
	EndGlobalSection
	GlobalSection(ExtensibilityGlobals) = postSolution
		SolutionGuid = {E134227B-8D7F-487A-A1BC-0DFFB4C4952A}
	EndGlobalSection
EndGlobal
