
Microsoft Visual Studio Solution File, Format Version 12.00
# Visual Studio Version 17
VisualStudioVersion = 17.7.34221.43
MinimumVisualStudioVersion = 10.0.40219.1
Project("{A07B5EB6-E848-4116-A8D0-A826331D98C6}") = "Biblioteka", "Biblioteka\Biblioteka.sfproj", "{F5ECC093-30C7-435E-B0F7-0AA44266DCA9}"
EndProject
Project("{FAE04EC0-301F-11D3-BF4B-00C04F79EFBC}") = "Validator", "Validator\Validator.csproj", "{4B75C735-1E87-4786-AB2A-CC0E29BFEE6A}"
EndProject
Project("{FAE04EC0-301F-11D3-BF4B-00C04F79EFBC}") = "BookStore", "BookStore\BookStore.csproj", "{C51A06A9-9DB1-4B79-B936-BEE961082E47}"
EndProject
Project("{FAE04EC0-301F-11D3-BF4B-00C04F79EFBC}") = "Bank", "Bank\Bank.csproj", "{14924248-49C3-4CBD-936C-9AF166430F59}"
EndProject
Project("{FAE04EC0-301F-11D3-BF4B-00C04F79EFBC}") = "TransactionController", "TransactionController\TransactionController.csproj", "{08DF6FD2-3E7F-4711-A3AF-BCC60EE290A5}"
EndProject
Project("{FAE04EC0-301F-11D3-BF4B-00C04F79EFBC}") = "CommonLibrary", "CommonLibrary\CommonLibrary.csproj", "{70D3CACE-FF57-4F1D-88D4-3BCF5426125B}"
EndProject
Project("{FAE04EC0-301F-11D3-BF4B-00C04F79EFBC}") = "Client", "Client\Client.csproj", "{23C559D4-6ED1-40FA-9C7A-60DF802B1DEB}"
EndProject
Global
	GlobalSection(SolutionConfigurationPlatforms) = preSolution
		Debug|Any CPU = Debug|Any CPU
		Debug|x64 = Debug|x64
		Release|Any CPU = Release|Any CPU
		Release|x64 = Release|x64
	EndGlobalSection
	GlobalSection(ProjectConfigurationPlatforms) = postSolution
		{F5ECC093-30C7-435E-B0F7-0AA44266DCA9}.Debug|Any CPU.ActiveCfg = Debug|x64
		{F5ECC093-30C7-435E-B0F7-0AA44266DCA9}.Debug|Any CPU.Build.0 = Debug|x64
		{F5ECC093-30C7-435E-B0F7-0AA44266DCA9}.Debug|Any CPU.Deploy.0 = Debug|x64
		{F5ECC093-30C7-435E-B0F7-0AA44266DCA9}.Debug|x64.ActiveCfg = Debug|x64
		{F5ECC093-30C7-435E-B0F7-0AA44266DCA9}.Debug|x64.Build.0 = Debug|x64
		{F5ECC093-30C7-435E-B0F7-0AA44266DCA9}.Debug|x64.Deploy.0 = Debug|x64
		{F5ECC093-30C7-435E-B0F7-0AA44266DCA9}.Release|Any CPU.ActiveCfg = Release|x64
		{F5ECC093-30C7-435E-B0F7-0AA44266DCA9}.Release|Any CPU.Build.0 = Release|x64
		{F5ECC093-30C7-435E-B0F7-0AA44266DCA9}.Release|Any CPU.Deploy.0 = Release|x64
		{F5ECC093-30C7-435E-B0F7-0AA44266DCA9}.Release|x64.ActiveCfg = Release|x64
		{F5ECC093-30C7-435E-B0F7-0AA44266DCA9}.Release|x64.Build.0 = Release|x64
		{F5ECC093-30C7-435E-B0F7-0AA44266DCA9}.Release|x64.Deploy.0 = Release|x64
		{4B75C735-1E87-4786-AB2A-CC0E29BFEE6A}.Debug|Any CPU.ActiveCfg = Debug|x64
		{4B75C735-1E87-4786-AB2A-CC0E29BFEE6A}.Debug|Any CPU.Build.0 = Debug|x64
		{4B75C735-1E87-4786-AB2A-CC0E29BFEE6A}.Debug|x64.ActiveCfg = Debug|x64
		{4B75C735-1E87-4786-AB2A-CC0E29BFEE6A}.Debug|x64.Build.0 = Debug|x64
		{4B75C735-1E87-4786-AB2A-CC0E29BFEE6A}.Release|Any CPU.ActiveCfg = Release|x64
		{4B75C735-1E87-4786-AB2A-CC0E29BFEE6A}.Release|Any CPU.Build.0 = Release|x64
		{4B75C735-1E87-4786-AB2A-CC0E29BFEE6A}.Release|x64.ActiveCfg = Release|x64
		{4B75C735-1E87-4786-AB2A-CC0E29BFEE6A}.Release|x64.Build.0 = Release|x64
		{C51A06A9-9DB1-4B79-B936-BEE961082E47}.Debug|Any CPU.ActiveCfg = Debug|x64
		{C51A06A9-9DB1-4B79-B936-BEE961082E47}.Debug|Any CPU.Build.0 = Debug|x64
		{C51A06A9-9DB1-4B79-B936-BEE961082E47}.Debug|x64.ActiveCfg = Debug|x64
		{C51A06A9-9DB1-4B79-B936-BEE961082E47}.Debug|x64.Build.0 = Debug|x64
		{C51A06A9-9DB1-4B79-B936-BEE961082E47}.Release|Any CPU.ActiveCfg = Release|x64
		{C51A06A9-9DB1-4B79-B936-BEE961082E47}.Release|Any CPU.Build.0 = Release|x64
		{C51A06A9-9DB1-4B79-B936-BEE961082E47}.Release|x64.ActiveCfg = Release|x64
		{C51A06A9-9DB1-4B79-B936-BEE961082E47}.Release|x64.Build.0 = Release|x64
		{14924248-49C3-4CBD-936C-9AF166430F59}.Debug|Any CPU.ActiveCfg = Debug|x64
		{14924248-49C3-4CBD-936C-9AF166430F59}.Debug|Any CPU.Build.0 = Debug|x64
		{14924248-49C3-4CBD-936C-9AF166430F59}.Debug|x64.ActiveCfg = Debug|x64
		{14924248-49C3-4CBD-936C-9AF166430F59}.Debug|x64.Build.0 = Debug|x64
		{14924248-49C3-4CBD-936C-9AF166430F59}.Release|Any CPU.ActiveCfg = Release|x64
		{14924248-49C3-4CBD-936C-9AF166430F59}.Release|Any CPU.Build.0 = Release|x64
		{14924248-49C3-4CBD-936C-9AF166430F59}.Release|x64.ActiveCfg = Release|x64
		{14924248-49C3-4CBD-936C-9AF166430F59}.Release|x64.Build.0 = Release|x64
		{08DF6FD2-3E7F-4711-A3AF-BCC60EE290A5}.Debug|Any CPU.ActiveCfg = Debug|x64
		{08DF6FD2-3E7F-4711-A3AF-BCC60EE290A5}.Debug|Any CPU.Build.0 = Debug|x64
		{08DF6FD2-3E7F-4711-A3AF-BCC60EE290A5}.Debug|x64.ActiveCfg = Debug|x64
		{08DF6FD2-3E7F-4711-A3AF-BCC60EE290A5}.Debug|x64.Build.0 = Debug|x64
		{08DF6FD2-3E7F-4711-A3AF-BCC60EE290A5}.Release|Any CPU.ActiveCfg = Release|x64
		{08DF6FD2-3E7F-4711-A3AF-BCC60EE290A5}.Release|Any CPU.Build.0 = Release|x64
		{08DF6FD2-3E7F-4711-A3AF-BCC60EE290A5}.Release|x64.ActiveCfg = Release|x64
		{08DF6FD2-3E7F-4711-A3AF-BCC60EE290A5}.Release|x64.Build.0 = Release|x64
		{70D3CACE-FF57-4F1D-88D4-3BCF5426125B}.Debug|Any CPU.ActiveCfg = Debug|Any CPU
		{70D3CACE-FF57-4F1D-88D4-3BCF5426125B}.Debug|Any CPU.Build.0 = Debug|Any CPU
		{70D3CACE-FF57-4F1D-88D4-3BCF5426125B}.Debug|x64.ActiveCfg = Debug|Any CPU
		{70D3CACE-FF57-4F1D-88D4-3BCF5426125B}.Debug|x64.Build.0 = Debug|Any CPU
		{70D3CACE-FF57-4F1D-88D4-3BCF5426125B}.Release|Any CPU.ActiveCfg = Release|Any CPU
		{70D3CACE-FF57-4F1D-88D4-3BCF5426125B}.Release|Any CPU.Build.0 = Release|Any CPU
		{70D3CACE-FF57-4F1D-88D4-3BCF5426125B}.Release|x64.ActiveCfg = Release|Any CPU
		{70D3CACE-FF57-4F1D-88D4-3BCF5426125B}.Release|x64.Build.0 = Release|Any CPU
		{23C559D4-6ED1-40FA-9C7A-60DF802B1DEB}.Debug|Any CPU.ActiveCfg = Debug|Any CPU
		{23C559D4-6ED1-40FA-9C7A-60DF802B1DEB}.Debug|Any CPU.Build.0 = Debug|Any CPU
		{23C559D4-6ED1-40FA-9C7A-60DF802B1DEB}.Debug|x64.ActiveCfg = Debug|Any CPU
		{23C559D4-6ED1-40FA-9C7A-60DF802B1DEB}.Debug|x64.Build.0 = Debug|Any CPU
		{23C559D4-6ED1-40FA-9C7A-60DF802B1DEB}.Release|Any CPU.ActiveCfg = Release|Any CPU
		{23C559D4-6ED1-40FA-9C7A-60DF802B1DEB}.Release|Any CPU.Build.0 = Release|Any CPU
		{23C559D4-6ED1-40FA-9C7A-60DF802B1DEB}.Release|x64.ActiveCfg = Release|Any CPU
		{23C559D4-6ED1-40FA-9C7A-60DF802B1DEB}.Release|x64.Build.0 = Release|Any CPU
	EndGlobalSection
	GlobalSection(SolutionProperties) = preSolution
		HideSolutionNode = FALSE
	EndGlobalSection
	GlobalSection(ExtensibilityGlobals) = postSolution
		SolutionGuid = {B8D747EB-B9D0-410F-A582-E94CE8836DFC}
	EndGlobalSection
EndGlobal
